
Microsoft Visual Studio Solution File, Format Version 12.00
# Visual Studio 15
VisualStudioVersion = 15.0.27428.2015
MinimumVisualStudioVersion = 10.0.40219.1
Project("{FAE04EC0-301F-11D3-BF4B-00C04F79EFBC}") = "AvtTest1Bot", "AvtTest1Bot\AvtTest1Bot.csproj", "{D717AA28-72F8-4CB2-B9AF-9FD083F7741E}"
EndProject
Global
	GlobalSection(SolutionConfigurationPlatforms) = preSolution
		Debug|Any CPU = Debug|Any CPU
		Release|Any CPU = Release|Any CPU
	EndGlobalSection
	GlobalSection(ProjectConfigurationPlatforms) = postSolution
		{D717AA28-72F8-4CB2-B9AF-9FD083F7741E}.Debug|Any CPU.ActiveCfg = Debug|Any CPU
		{D717AA28-72F8-4CB2-B9AF-9FD083F7741E}.Debug|Any CPU.Build.0 = Debug|Any CPU
		{D717AA28-72F8-4CB2-B9AF-9FD083F7741E}.Release|Any CPU.ActiveCfg = Release|Any CPU
		{D717AA28-72F8-4CB2-B9AF-9FD083F7741E}.Release|Any CPU.Build.0 = Release|Any CPU
	EndGlobalSection
	GlobalSection(SolutionProperties) = preSolution
		HideSolutionNode = FALSE
	EndGlobalSection
	GlobalSection(ExtensibilityGlobals) = postSolution
		SolutionGuid = {8579B6BE-304E-4510-AB69-D645E01253DF}
	EndGlobalSection
EndGlobal
